
Microsoft Visual Studio Solution File, Format Version 12.00
# Visual Studio 15
Project("{FAE04EC0-301F-11D3-BF4B-00C04F79EFBC}") = "Assembly-CSharp", "Assembly-CSharp.csproj", "{D516A309-B8FA-9DE4-90B0-9D7E4C3FF0CD}"
EndProject
Global
	GlobalSection(SolutionConfigurationPlatforms) = preSolution
		Debug|Any CPU = Debug|Any CPU
		Release|Any CPU = Release|Any CPU
	EndGlobalSection
	GlobalSection(ProjectConfigurationPlatforms) = postSolution
		{D516A309-B8FA-9DE4-90B0-9D7E4C3FF0CD}.Debug|Any CPU.ActiveCfg = Debug|Any CPU
		{D516A309-B8FA-9DE4-90B0-9D7E4C3FF0CD}.Debug|Any CPU.Build.0 = Debug|Any CPU
		{D516A309-B8FA-9DE4-90B0-9D7E4C3FF0CD}.Release|Any CPU.ActiveCfg = Release|Any CPU
		{D516A309-B8FA-9DE4-90B0-9D7E4C3FF0CD}.Release|Any CPU.Build.0 = Release|Any CPU
	EndGlobalSection
	GlobalSection(SolutionProperties) = preSolution
		HideSolutionNode = FALSE
	EndGlobalSection
EndGlobal
